
Microsoft Visual Studio Solution File, Format Version 12.00
# Visual Studio Version 17
VisualStudioVersion = 17.0.31903.59
MinimumVisualStudioVersion = 10.0.40219.1
Project("{2150E333-8FDC-42A3-9474-1A3956D46DE8}") = "src", "src", "{827E0CD3-B72D-47B6-A68D-7590B98EB39B}"
EndProject
Project("{FAE04EC0-301F-11D3-BF4B-00C04F79EFBC}") = "Api", "src\Api\Api.csproj", "{DFD3568F-2843-4EAC-9D2E-9BE5AE40318C}"
EndProject
Project("{FAE04EC0-301F-11D3-BF4B-00C04F79EFBC}") = "Shared", "src\Shared\Shared.csproj", "{02390C81-EE28-4884-B7E3-31AD2C43711F}"
EndProject
Project("{FAE04EC0-301F-11D3-BF4B-00C04F79EFBC}") = "Infrastructure", "src\Infrastructure\Infrastructure.csproj", "{579D1E0C-212B-45A7-81DB-C714EA4C9129}"
EndProject
Project("{2150E333-8FDC-42A3-9474-1A3956D46DE8}") = "Modules", "Modules", "{EC447DCF-ABFA-6E24-52A5-D7FD48A5C558}"
EndProject
Project("{FAE04EC0-301F-11D3-BF4B-00C04F79EFBC}") = "Identity", "src\Modules\Identity\Identity.csproj", "{0511537F-1975-420C-B70A-E759559F37B4}"
EndProject
Project("{FAE04EC0-301F-11D3-BF4B-00C04F79EFBC}") = "Reference", "src\Modules\Reference\Reference.csproj", "{0FB6A083-810F-4ED6-9C9F-C55112E37820}"
EndProject
Project("{FAE04EC0-301F-11D3-BF4B-00C04F79EFBC}") = "Student", "src\Modules\Student\Student.csproj", "{796BAE2C-59C5-4F1D-8EE8-2ACAFEC9630E}"
EndProject
Project("{FAE04EC0-301F-11D3-BF4B-00C04F79EFBC}") = "Academic", "src\Modules\Academic\Academic.csproj", "{687BE73D-281A-4960-A803-C745F54F4AC9}"
EndProject
Project("{FAE04EC0-301F-11D3-BF4B-00C04F79EFBC}") = "Behaviour", "src\Modules\Behaviour\Behaviour.csproj", "{935A4750-A02F-4769-9F22-730BB0062D0F}"
EndProject
Project("{FAE04EC0-301F-11D3-BF4B-00C04F79EFBC}") = "Finance", "src\Modules\Finance\Finance.csproj", "{9451784C-6B36-4209-8E6C-7EE5EF7AA328}"
EndProject
Project("{FAE04EC0-301F-11D3-BF4B-00C04F79EFBC}") = "Operations", "src\Modules\Operations\Operations.csproj", "{58621740-111F-4C47-B500-2A6691D5A257}"
EndProject
Global
	GlobalSection(SolutionConfigurationPlatforms) = preSolution
		Debug|Any CPU = Debug|Any CPU
		Debug|x64 = Debug|x64
		Debug|x86 = Debug|x86
		Release|Any CPU = Release|Any CPU
		Release|x64 = Release|x64
		Release|x86 = Release|x86
	EndGlobalSection
	GlobalSection(ProjectConfigurationPlatforms) = postSolution
		{DFD3568F-2843-4EAC-9D2E-9BE5AE40318C}.Debug|Any CPU.ActiveCfg = Debug|Any CPU
		{DFD3568F-2843-4EAC-9D2E-9BE5AE40318C}.Debug|Any CPU.Build.0 = Debug|Any CPU
		{DFD3568F-2843-4EAC-9D2E-9BE5AE40318C}.Debug|x64.ActiveCfg = Debug|Any CPU
		{DFD3568F-2843-4EAC-9D2E-9BE5AE40318C}.Debug|x64.Build.0 = Debug|Any CPU
		{DFD3568F-2843-4EAC-9D2E-9BE5AE40318C}.Debug|x86.ActiveCfg = Debug|Any CPU
		{DFD3568F-2843-4EAC-9D2E-9BE5AE40318C}.Debug|x86.Build.0 = Debug|Any CPU
		{DFD3568F-2843-4EAC-9D2E-9BE5AE40318C}.Release|Any CPU.ActiveCfg = Release|Any CPU
		{DFD3568F-2843-4EAC-9D2E-9BE5AE40318C}.Release|Any CPU.Build.0 = Release|Any CPU
		{DFD3568F-2843-4EAC-9D2E-9BE5AE40318C}.Release|x64.ActiveCfg = Release|Any CPU
		{DFD3568F-2843-4EAC-9D2E-9BE5AE40318C}.Release|x64.Build.0 = Release|Any CPU
		{DFD3568F-2843-4EAC-9D2E-9BE5AE40318C}.Release|x86.ActiveCfg = Release|Any CPU
		{DFD3568F-2843-4EAC-9D2E-9BE5AE40318C}.Release|x86.Build.0 = Release|Any CPU
		{02390C81-EE28-4884-B7E3-31AD2C43711F}.Debug|Any CPU.ActiveCfg = Debug|Any CPU
		{02390C81-EE28-4884-B7E3-31AD2C43711F}.Debug|Any CPU.Build.0 = Debug|Any CPU
		{02390C81-EE28-4884-B7E3-31AD2C43711F}.Debug|x64.ActiveCfg = Debug|Any CPU
		{02390C81-EE28-4884-B7E3-31AD2C43711F}.Debug|x64.Build.0 = Debug|Any CPU
		{02390C81-EE28-4884-B7E3-31AD2C43711F}.Debug|x86.ActiveCfg = Debug|Any CPU
		{02390C81-EE28-4884-B7E3-31AD2C43711F}.Debug|x86.Build.0 = Debug|Any CPU
		{02390C81-EE28-4884-B7E3-31AD2C43711F}.Release|Any CPU.ActiveCfg = Release|Any CPU
		{02390C81-EE28-4884-B7E3-31AD2C43711F}.Release|Any CPU.Build.0 = Release|Any CPU
		{02390C81-EE28-4884-B7E3-31AD2C43711F}.Release|x64.ActiveCfg = Release|Any CPU
		{02390C81-EE28-4884-B7E3-31AD2C43711F}.Release|x64.Build.0 = Release|Any CPU
		{02390C81-EE28-4884-B7E3-31AD2C43711F}.Release|x86.ActiveCfg = Release|Any CPU
		{02390C81-EE28-4884-B7E3-31AD2C43711F}.Release|x86.Build.0 = Release|Any CPU
		{579D1E0C-212B-45A7-81DB-C714EA4C9129}.Debug|Any CPU.ActiveCfg = Debug|Any CPU
		{579D1E0C-212B-45A7-81DB-C714EA4C9129}.Debug|Any CPU.Build.0 = Debug|Any CPU
		{579D1E0C-212B-45A7-81DB-C714EA4C9129}.Debug|x64.ActiveCfg = Debug|Any CPU
		{579D1E0C-212B-45A7-81DB-C714EA4C9129}.Debug|x64.Build.0 = Debug|Any CPU
		{579D1E0C-212B-45A7-81DB-C714EA4C9129}.Debug|x86.ActiveCfg = Debug|Any CPU
		{579D1E0C-212B-45A7-81DB-C714EA4C9129}.Debug|x86.Build.0 = Debug|Any CPU
		{579D1E0C-212B-45A7-81DB-C714EA4C9129}.Release|Any CPU.ActiveCfg = Release|Any CPU
		{579D1E0C-212B-45A7-81DB-C714EA4C9129}.Release|Any CPU.Build.0 = Release|Any CPU
		{579D1E0C-212B-45A7-81DB-C714EA4C9129}.Release|x64.ActiveCfg = Release|Any CPU
		{579D1E0C-212B-45A7-81DB-C714EA4C9129}.Release|x64.Build.0 = Release|Any CPU
		{579D1E0C-212B-45A7-81DB-C714EA4C9129}.Release|x86.ActiveCfg = Release|Any CPU
		{579D1E0C-212B-45A7-81DB-C714EA4C9129}.Release|x86.Build.0 = Release|Any CPU
		{0511537F-1975-420C-B70A-E759559F37B4}.Debug|Any CPU.ActiveCfg = Debug|Any CPU
		{0511537F-1975-420C-B70A-E759559F37B4}.Debug|Any CPU.Build.0 = Debug|Any CPU
		{0511537F-1975-420C-B70A-E759559F37B4}.Debug|x64.ActiveCfg = Debug|Any CPU
		{0511537F-1975-420C-B70A-E759559F37B4}.Debug|x64.Build.0 = Debug|Any CPU
		{0511537F-1975-420C-B70A-E759559F37B4}.Debug|x86.ActiveCfg = Debug|Any CPU
		{0511537F-1975-420C-B70A-E759559F37B4}.Debug|x86.Build.0 = Debug|Any CPU
		{0511537F-1975-420C-B70A-E759559F37B4}.Release|Any CPU.ActiveCfg = Release|Any CPU
		{0511537F-1975-420C-B70A-E759559F37B4}.Release|Any CPU.Build.0 = Release|Any CPU
		{0511537F-1975-420C-B70A-E759559F37B4}.Release|x64.ActiveCfg = Release|Any CPU
		{0511537F-1975-420C-B70A-E759559F37B4}.Release|x64.Build.0 = Release|Any CPU
		{0511537F-1975-420C-B70A-E759559F37B4}.Release|x86.ActiveCfg = Release|Any CPU
		{0511537F-1975-420C-B70A-E759559F37B4}.Release|x86.Build.0 = Release|Any CPU
		{0FB6A083-810F-4ED6-9C9F-C55112E37820}.Debug|Any CPU.ActiveCfg = Debug|Any CPU
		{0FB6A083-810F-4ED6-9C9F-C55112E37820}.Debug|Any CPU.Build.0 = Debug|Any CPU
		{0FB6A083-810F-4ED6-9C9F-C55112E37820}.Debug|x64.ActiveCfg = Debug|Any CPU
		{0FB6A083-810F-4ED6-9C9F-C55112E37820}.Debug|x64.Build.0 = Debug|Any CPU
		{0FB6A083-810F-4ED6-9C9F-C55112E37820}.Debug|x86.ActiveCfg = Debug|Any CPU
		{0FB6A083-810F-4ED6-9C9F-C55112E37820}.Debug|x86.Build.0 = Debug|Any CPU
		{0FB6A083-810F-4ED6-9C9F-C55112E37820}.Release|Any CPU.ActiveCfg = Release|Any CPU
		{0FB6A083-810F-4ED6-9C9F-C55112E37820}.Release|Any CPU.Build.0 = Release|Any CPU
		{0FB6A083-810F-4ED6-9C9F-C55112E37820}.Release|x64.ActiveCfg = Release|Any CPU
		{0FB6A083-810F-4ED6-9C9F-C55112E37820}.Release|x64.Build.0 = Release|Any CPU
		{0FB6A083-810F-4ED6-9C9F-C55112E37820}.Release|x86.ActiveCfg = Release|Any CPU
		{0FB6A083-810F-4ED6-9C9F-C55112E37820}.Release|x86.Build.0 = Release|Any CPU
		{796BAE2C-59C5-4F1D-8EE8-2ACAFEC9630E}.Debug|Any CPU.ActiveCfg = Debug|Any CPU
		{796BAE2C-59C5-4F1D-8EE8-2ACAFEC9630E}.Debug|Any CPU.Build.0 = Debug|Any CPU
		{796BAE2C-59C5-4F1D-8EE8-2ACAFEC9630E}.Debug|x64.ActiveCfg = Debug|Any CPU
		{796BAE2C-59C5-4F1D-8EE8-2ACAFEC9630E}.Debug|x64.Build.0 = Debug|Any CPU
		{796BAE2C-59C5-4F1D-8EE8-2ACAFEC9630E}.Debug|x86.ActiveCfg = Debug|Any CPU
		{796BAE2C-59C5-4F1D-8EE8-2ACAFEC9630E}.Debug|x86.Build.0 = Debug|Any CPU
		{796BAE2C-59C5-4F1D-8EE8-2ACAFEC9630E}.Release|Any CPU.ActiveCfg = Release|Any CPU
		{796BAE2C-59C5-4F1D-8EE8-2ACAFEC9630E}.Release|Any CPU.Build.0 = Release|Any CPU
		{796BAE2C-59C5-4F1D-8EE8-2ACAFEC9630E}.Release|x64.ActiveCfg = Release|Any CPU
		{796BAE2C-59C5-4F1D-8EE8-2ACAFEC9630E}.Release|x64.Build.0 = Release|Any CPU
		{796BAE2C-59C5-4F1D-8EE8-2ACAFEC9630E}.Release|x86.ActiveCfg = Release|Any CPU
		{796BAE2C-59C5-4F1D-8EE8-2ACAFEC9630E}.Release|x86.Build.0 = Release|Any CPU
		{687BE73D-281A-4960-A803-C745F54F4AC9}.Debug|Any CPU.ActiveCfg = Debug|Any CPU
		{687BE73D-281A-4960-A803-C745F54F4AC9}.Debug|Any CPU.Build.0 = Debug|Any CPU
		{687BE73D-281A-4960-A803-C745F54F4AC9}.Debug|x64.ActiveCfg = Debug|Any CPU
		{687BE73D-281A-4960-A803-C745F54F4AC9}.Debug|x64.Build.0 = Debug|Any CPU
		{687BE73D-281A-4960-A803-C745F54F4AC9}.Debug|x86.ActiveCfg = Debug|Any CPU
		{687BE73D-281A-4960-A803-C745F54F4AC9}.Debug|x86.Build.0 = Debug|Any CPU
		{687BE73D-281A-4960-A803-C745F54F4AC9}.Release|Any CPU.ActiveCfg = Release|Any CPU
		{687BE73D-281A-4960-A803-C745F54F4AC9}.Release|Any CPU.Build.0 = Release|Any CPU
		{687BE73D-281A-4960-A803-C745F54F4AC9}.Release|x64.ActiveCfg = Release|Any CPU
		{687BE73D-281A-4960-A803-C745F54F4AC9}.Release|x64.Build.0 = Release|Any CPU
		{687BE73D-281A-4960-A803-C745F54F4AC9}.Release|x86.ActiveCfg = Release|Any CPU
		{687BE73D-281A-4960-A803-C745F54F4AC9}.Release|x86.Build.0 = Release|Any CPU
		{935A4750-A02F-4769-9F22-730BB0062D0F}.Debug|Any CPU.ActiveCfg = Debug|Any CPU
		{935A4750-A02F-4769-9F22-730BB0062D0F}.Debug|Any CPU.Build.0 = Debug|Any CPU
		{935A4750-A02F-4769-9F22-730BB0062D0F}.Debug|x64.ActiveCfg = Debug|Any CPU
		{935A4750-A02F-4769-9F22-730BB0062D0F}.Debug|x64.Build.0 = Debug|Any CPU
		{935A4750-A02F-4769-9F22-730BB0062D0F}.Debug|x86.ActiveCfg = Debug|Any CPU
		{935A4750-A02F-4769-9F22-730BB0062D0F}.Debug|x86.Build.0 = Debug|Any CPU
		{935A4750-A02F-4769-9F22-730BB0062D0F}.Release|Any CPU.ActiveCfg = Release|Any CPU
		{935A4750-A02F-4769-9F22-730BB0062D0F}.Release|Any CPU.Build.0 = Release|Any CPU
		{935A4750-A02F-4769-9F22-730BB0062D0F}.Release|x64.ActiveCfg = Release|Any CPU
		{935A4750-A02F-4769-9F22-730BB0062D0F}.Release|x64.Build.0 = Release|Any CPU
		{935A4750-A02F-4769-9F22-730BB0062D0F}.Release|x86.ActiveCfg = Release|Any CPU
		{935A4750-A02F-4769-9F22-730BB0062D0F}.Release|x86.Build.0 = Release|Any CPU
		{9451784C-6B36-4209-8E6C-7EE5EF7AA328}.Debug|Any CPU.ActiveCfg = Debug|Any CPU
		{9451784C-6B36-4209-8E6C-7EE5EF7AA328}.Debug|Any CPU.Build.0 = Debug|Any CPU
		{9451784C-6B36-4209-8E6C-7EE5EF7AA328}.Debug|x64.ActiveCfg = Debug|Any CPU
		{9451784C-6B36-4209-8E6C-7EE5EF7AA328}.Debug|x64.Build.0 = Debug|Any CPU
		{9451784C-6B36-4209-8E6C-7EE5EF7AA328}.Debug|x86.ActiveCfg = Debug|Any CPU
		{9451784C-6B36-4209-8E6C-7EE5EF7AA328}.Debug|x86.Build.0 = Debug|Any CPU
		{9451784C-6B36-4209-8E6C-7EE5EF7AA328}.Release|Any CPU.ActiveCfg = Release|Any CPU
		{9451784C-6B36-4209-8E6C-7EE5EF7AA328}.Release|Any CPU.Build.0 = Release|Any CPU
		{9451784C-6B36-4209-8E6C-7EE5EF7AA328}.Release|x64.ActiveCfg = Release|Any CPU
		{9451784C-6B36-4209-8E6C-7EE5EF7AA328}.Release|x64.Build.0 = Release|Any CPU
		{9451784C-6B36-4209-8E6C-7EE5EF7AA328}.Release|x86.ActiveCfg = Release|Any CPU
		{9451784C-6B36-4209-8E6C-7EE5EF7AA328}.Release|x86.Build.0 = Release|Any CPU
		{58621740-111F-4C47-B500-2A6691D5A257}.Debug|Any CPU.ActiveCfg = Debug|Any CPU
		{58621740-111F-4C47-B500-2A6691D5A257}.Debug|Any CPU.Build.0 = Debug|Any CPU
		{58621740-111F-4C47-B500-2A6691D5A257}.Debug|x64.ActiveCfg = Debug|Any CPU
		{58621740-111F-4C47-B500-2A6691D5A257}.Debug|x64.Build.0 = Debug|Any CPU
		{58621740-111F-4C47-B500-2A6691D5A257}.Debug|x86.ActiveCfg = Debug|Any CPU
		{58621740-111F-4C47-B500-2A6691D5A257}.Debug|x86.Build.0 = Debug|Any CPU
		{58621740-111F-4C47-B500-2A6691D5A257}.Release|Any CPU.ActiveCfg = Release|Any CPU
		{58621740-111F-4C47-B500-2A6691D5A257}.Release|Any CPU.Build.0 = Release|Any CPU
		{58621740-111F-4C47-B500-2A6691D5A257}.Release|x64.ActiveCfg = Release|Any CPU
		{58621740-111F-4C47-B500-2A6691D5A257}.Release|x64.Build.0 = Release|Any CPU
		{58621740-111F-4C47-B500-2A6691D5A257}.Release|x86.ActiveCfg = Release|Any CPU
		{58621740-111F-4C47-B500-2A6691D5A257}.Release|x86.Build.0 = Release|Any CPU
	EndGlobalSection
	GlobalSection(SolutionProperties) = preSolution
		HideSolutionNode = FALSE
	EndGlobalSection
	GlobalSection(NestedProjects) = preSolution
		{DFD3568F-2843-4EAC-9D2E-9BE5AE40318C} = {827E0CD3-B72D-47B6-A68D-7590B98EB39B}
		{02390C81-EE28-4884-B7E3-31AD2C43711F} = {827E0CD3-B72D-47B6-A68D-7590B98EB39B}
		{579D1E0C-212B-45A7-81DB-C714EA4C9129} = {827E0CD3-B72D-47B6-A68D-7590B98EB39B}
		{EC447DCF-ABFA-6E24-52A5-D7FD48A5C558} = {827E0CD3-B72D-47B6-A68D-7590B98EB39B}
		{0511537F-1975-420C-B70A-E759559F37B4} = {EC447DCF-ABFA-6E24-52A5-D7FD48A5C558}
		{0FB6A083-810F-4ED6-9C9F-C55112E37820} = {EC447DCF-ABFA-6E24-52A5-D7FD48A5C558}
		{796BAE2C-59C5-4F1D-8EE8-2ACAFEC9630E} = {EC447DCF-ABFA-6E24-52A5-D7FD48A5C558}
		{687BE73D-281A-4960-A803-C745F54F4AC9} = {EC447DCF-ABFA-6E24-52A5-D7FD48A5C558}
		{935A4750-A02F-4769-9F22-730BB0062D0F} = {EC447DCF-ABFA-6E24-52A5-D7FD48A5C558}
		{9451784C-6B36-4209-8E6C-7EE5EF7AA328} = {EC447DCF-ABFA-6E24-52A5-D7FD48A5C558}
		{58621740-111F-4C47-B500-2A6691D5A257} = {EC447DCF-ABFA-6E24-52A5-D7FD48A5C558}
	EndGlobalSection
EndGlobal
